// !$*UTF8*$!
{
	archiveVersion = 1;
	classes = {
	};
	objectVersion = 46;
	objects = {

/* Begin PBXBuildFile section */
		A9AA999F1E46374300D80257 /* Twitter.framework in Embed Frameworks */ = {isa = PBXBuildFile; fileRef = A9AA999D1E46374300D80257 /* Twitter.framework */; settings = {ATTRIBUTES = (CodeSignOnCopy, RemoveHeadersOnCopy, ); }; };
		B41B72D31E673FD500E6ACFD /* AppDelegate.swift in Sources */ = {isa = PBXBuildFile; fileRef = B45E8EF91E421353001116F3 /* AppDelegate.swift */; };
		B45E8EFF1E421354001116F3 /* Main.storyboard in Resources */ = {isa = PBXBuildFile; fileRef = B45E8EFD1E421354001116F3 /* Main.storyboard */; };
		B45E8F011E421354001116F3 /* Assets.xcassets in Resources */ = {isa = PBXBuildFile; fileRef = B45E8F001E421354001116F3 /* Assets.xcassets */; };
		B45E8F041E421355001116F3 /* LaunchScreen.storyboard in Resources */ = {isa = PBXBuildFile; fileRef = B45E8F021E421355001116F3 /* LaunchScreen.storyboard */; };
		B4A745411E673B4700D1C895 /* TwitterUser+CoreDataClass.swift in Sources */ = {isa = PBXBuildFile; fileRef = B4A745271E67395600D1C895 /* TwitterUser+CoreDataClass.swift */; };
		B4A745421E673B4700D1C895 /* TwitterUser+CoreDataProperties.swift in Sources */ = {isa = PBXBuildFile; fileRef = B4A745281E67395600D1C895 /* TwitterUser+CoreDataProperties.swift */; };
		B4A745431E673B4700D1C895 /* HashtagMentions+CoreDataClass.swift in Sources */ = {isa = PBXBuildFile; fileRef = B4A745291E67395600D1C895 /* HashtagMentions+CoreDataClass.swift */; };
		B4A745441E673B4700D1C895 /* HashtagMentions+CoreDataProperties.swift in Sources */ = {isa = PBXBuildFile; fileRef = B4A7452A1E67395600D1C895 /* HashtagMentions+CoreDataProperties.swift */; };
		B4A745451E673B4700D1C895 /* Tweet+CoreDataClass.swift in Sources */ = {isa = PBXBuildFile; fileRef = B4A7452B1E67395600D1C895 /* Tweet+CoreDataClass.swift */; };
		B4A745461E673B4700D1C895 /* Tweet+CoreDataProperties.swift in Sources */ = {isa = PBXBuildFile; fileRef = B4A7452C1E67395600D1C895 /* Tweet+CoreDataProperties.swift */; };
		B4A745471E673B4700D1C895 /* MostRecentsTweetsTableViewController.swift in Sources */ = {isa = PBXBuildFile; fileRef = B4B636471E5447E000F7F35D /* MostRecentsTweetsTableViewController.swift */; };
		B4A745481E673B4700D1C895 /* RecentsTableViewController.swift in Sources */ = {isa = PBXBuildFile; fileRef = B444A3BD1E52223D00ADE53A /* RecentsTableViewController.swift */; };
		B4A745491E673B4700D1C895 /* ImageViewController.swift in Sources */ = {isa = PBXBuildFile; fileRef = B4B5E28F1E51A48E00D45481 /* ImageViewController.swift */; };
		B4A7454A1E673B4700D1C895 /* TweetTableViewCell.swift in Sources */ = {isa = PBXBuildFile; fileRef = B45E8F131E42488A001116F3 /* TweetTableViewCell.swift */; };
		B4A7454B1E673B4700D1C895 /* TweetDetailTableViewCell.swift in Sources */ = {isa = PBXBuildFile; fileRef = B48FABA81E448BBA00627218 /* TweetDetailTableViewCell.swift */; };
		B4A7454C1E673B4700D1C895 /* TweetDetailTableViewController.swift in Sources */ = {isa = PBXBuildFile; fileRef = B48FABAA1E448CD000627218 /* TweetDetailTableViewController.swift */; };
		B4A7454D1E673B4700D1C895 /* TweetTableViewController.swift in Sources */ = {isa = PBXBuildFile; fileRef = B45E8F0C1E421483001116F3 /* TweetTableViewController.swift */; };
		B4A745501E673CA800D1C895 /* Twitter.framework in Frameworks */ = {isa = PBXBuildFile; fileRef = B4A7454F1E673CA800D1C895 /* Twitter.framework */; };
/* End PBXBuildFile section */

/* Begin PBXCopyFilesBuildPhase section */
		A9AA99A01E46374300D80257 /* Embed Frameworks */ = {
			isa = PBXCopyFilesBuildPhase;
			buildActionMask = 2147483647;
			dstPath = "";
			dstSubfolderSpec = 10;
			files = (
				A9AA999F1E46374300D80257 /* Twitter.framework in Embed Frameworks */,
			);
			name = "Embed Frameworks";
			runOnlyForDeploymentPostprocessing = 0;
		};
/* End PBXCopyFilesBuildPhase section */

/* Begin PBXFileReference section */
		A9AA999D1E46374300D80257 /* Twitter.framework */ = {isa = PBXFileReference; explicitFileType = wrapper.framework; path = Twitter.framework; sourceTree = BUILT_PRODUCTS_DIR; };
		B444A3BD1E52223D00ADE53A /* RecentsTableViewController.swift */ = {isa = PBXFileReference; fileEncoding = 4; lastKnownFileType = sourcecode.swift; path = RecentsTableViewController.swift; sourceTree = "<group>"; };
		B45E8EF61E421351001116F3 /* Smashtag.app */ = {isa = PBXFileReference; explicitFileType = wrapper.application; includeInIndex = 0; path = Smashtag.app; sourceTree = BUILT_PRODUCTS_DIR; };
		B45E8EF91E421353001116F3 /* AppDelegate.swift */ = {isa = PBXFileReference; lastKnownFileType = sourcecode.swift; path = AppDelegate.swift; sourceTree = "<group>"; };
		B45E8EFE1E421354001116F3 /* Base */ = {isa = PBXFileReference; lastKnownFileType = file.storyboard; name = Base; path = Base.lproj/Main.storyboard; sourceTree = "<group>"; };
		B45E8F001E421354001116F3 /* Assets.xcassets */ = {isa = PBXFileReference; lastKnownFileType = folder.assetcatalog; path = Assets.xcassets; sourceTree = "<group>"; };
		B45E8F031E421355001116F3 /* Base */ = {isa = PBXFileReference; lastKnownFileType = file.storyboard; name = Base; path = Base.lproj/LaunchScreen.storyboard; sourceTree = "<group>"; };
		B45E8F051E421355001116F3 /* Info.plist */ = {isa = PBXFileReference; lastKnownFileType = text.plist.xml; path = Info.plist; sourceTree = "<group>"; };
		B45E8F0C1E421483001116F3 /* TweetTableViewController.swift */ = {isa = PBXFileReference; fileEncoding = 4; lastKnownFileType = sourcecode.swift; path = TweetTableViewController.swift; sourceTree = "<group>"; };
		B45E8F0F1E422295001116F3 /* Twitter.framework */ = {isa = PBXFileReference; lastKnownFileType = wrapper.framework; name = Twitter.framework; path = "../../../Library/Developer/Xcode/DerivedData/Lecture9-bovbamaiieqkmqhdolfsrtcbtnzg/Build/Products/Debug-iphoneos/Twitter.framework"; sourceTree = "<group>"; };
		B45E8F131E42488A001116F3 /* TweetTableViewCell.swift */ = {isa = PBXFileReference; fileEncoding = 4; lastKnownFileType = sourcecode.swift; path = TweetTableViewCell.swift; sourceTree = "<group>"; };
		B48FABA81E448BBA00627218 /* TweetDetailTableViewCell.swift */ = {isa = PBXFileReference; fileEncoding = 4; lastKnownFileType = sourcecode.swift; path = TweetDetailTableViewCell.swift; sourceTree = "<group>"; };
		B48FABAA1E448CD000627218 /* TweetDetailTableViewController.swift */ = {isa = PBXFileReference; fileEncoding = 4; lastKnownFileType = sourcecode.swift; path = TweetDetailTableViewController.swift; sourceTree = "<group>"; };
		B4A745251E6738AC00D1C895 /* Model.xcdatamodel */ = {isa = PBXFileReference; lastKnownFileType = wrapper.xcdatamodel; path = Model.xcdatamodel; sourceTree = "<group>"; };
		B4A745271E67395600D1C895 /* TwitterUser+CoreDataClass.swift */ = {isa = PBXFileReference; fileEncoding = 4; lastKnownFileType = sourcecode.swift; path = "TwitterUser+CoreDataClass.swift"; sourceTree = "<group>"; };
		B4A745281E67395600D1C895 /* TwitterUser+CoreDataProperties.swift */ = {isa = PBXFileReference; fileEncoding = 4; lastKnownFileType = sourcecode.swift; path = "TwitterUser+CoreDataProperties.swift"; sourceTree = "<group>"; };
		B4A745291E67395600D1C895 /* HashtagMentions+CoreDataClass.swift */ = {isa = PBXFileReference; fileEncoding = 4; lastKnownFileType = sourcecode.swift; path = "HashtagMentions+CoreDataClass.swift"; sourceTree = "<group>"; };
		B4A7452A1E67395600D1C895 /* HashtagMentions+CoreDataProperties.swift */ = {isa = PBXFileReference; fileEncoding = 4; lastKnownFileType = sourcecode.swift; path = "HashtagMentions+CoreDataProperties.swift"; sourceTree = "<group>"; };
		B4A7452B1E67395600D1C895 /* Tweet+CoreDataClass.swift */ = {isa = PBXFileReference; fileEncoding = 4; lastKnownFileType = sourcecode.swift; path = "Tweet+CoreDataClass.swift"; sourceTree = "<group>"; };
		B4A7452C1E67395600D1C895 /* Tweet+CoreDataProperties.swift */ = {isa = PBXFileReference; fileEncoding = 4; lastKnownFileType = sourcecode.swift; path = "Tweet+CoreDataProperties.swift"; sourceTree = "<group>"; };
		B4A7454F1E673CA800D1C895 /* Twitter.framework */ = {isa = PBXFileReference; lastKnownFileType = wrapper.framework; name = Twitter.framework; path = System/Library/Frameworks/Twitter.framework; sourceTree = SDKROOT; };
		B4B5E28F1E51A48E00D45481 /* ImageViewController.swift */ = {isa = PBXFileReference; fileEncoding = 4; lastKnownFileType = sourcecode.swift; path = ImageViewController.swift; sourceTree = "<group>"; };
		B4B636471E5447E000F7F35D /* MostRecentsTweetsTableViewController.swift */ = {isa = PBXFileReference; fileEncoding = 4; lastKnownFileType = sourcecode.swift; path = MostRecentsTweetsTableViewController.swift; sourceTree = "<group>"; };
/* End PBXFileReference section */

/* Begin PBXFrameworksBuildPhase section */
		B45E8EF31E421350001116F3 /* Frameworks */ = {
			isa = PBXFrameworksBuildPhase;
			buildActionMask = 2147483647;
			files = (
				B4A745501E673CA800D1C895 /* Twitter.framework in Frameworks */,
			);
			runOnlyForDeploymentPostprocessing = 0;
		};
/* End PBXFrameworksBuildPhase section */

/* Begin PBXGroup section */
		B45E8EED1E421350001116F3 = {
			isa = PBXGroup;
			children = (
				A9AA999D1E46374300D80257 /* Twitter.framework */,
				B45E8EF81E421351001116F3 /* Smashtag */,
				B45E8EF71E421351001116F3 /* Products */,
				B45E8F0E1E422294001116F3 /* Frameworks */,
			);
			sourceTree = "<group>";
		};
		B45E8EF71E421351001116F3 /* Products */ = {
			isa = PBXGroup;
			children = (
				B45E8EF61E421351001116F3 /* Smashtag.app */,
			);
			name = Products;
			sourceTree = "<group>";
		};
		B45E8EF81E421351001116F3 /* Smashtag */ = {
			isa = PBXGroup;
			children = (
				B4A745331E67398700D1C895 /* Core Data */,
				B45E8EFD1E421354001116F3 /* Main.storyboard */,
				B4B636471E5447E000F7F35D /* MostRecentsTweetsTableViewController.swift */,
				B444A3BD1E52223D00ADE53A /* RecentsTableViewController.swift */,
				B4B5E28F1E51A48E00D45481 /* ImageViewController.swift */,
				B45E8F131E42488A001116F3 /* TweetTableViewCell.swift */,
				B48FABA81E448BBA00627218 /* TweetDetailTableViewCell.swift */,
				B48FABAA1E448CD000627218 /* TweetDetailTableViewController.swift */,
				B45E8F0C1E421483001116F3 /* TweetTableViewController.swift */,
				B45E8F0B1E4213DB001116F3 /* Supporting Files */,
			);
			path = Smashtag;
			sourceTree = "<group>";
		};
		B45E8F0B1E4213DB001116F3 /* Supporting Files */ = {
			isa = PBXGroup;
			children = (
				B45E8EF91E421353001116F3 /* AppDelegate.swift */,
				B45E8F001E421354001116F3 /* Assets.xcassets */,
				B45E8F021E421355001116F3 /* LaunchScreen.storyboard */,
				B45E8F051E421355001116F3 /* Info.plist */,
			);
			name = "Supporting Files";
			sourceTree = "<group>";
		};
		B45E8F0E1E422294001116F3 /* Frameworks */ = {
			isa = PBXGroup;
			children = (
				B4A7454F1E673CA800D1C895 /* Twitter.framework */,
				B45E8F0F1E422295001116F3 /* Twitter.framework */,
			);
			name = Frameworks;
			sourceTree = "<group>";
		};
		B4A745331E67398700D1C895 /* Core Data */ = {
			isa = PBXGroup;
			children = (
				B4A745271E67395600D1C895 /* TwitterUser+CoreDataClass.swift */,
				B4A745281E67395600D1C895 /* TwitterUser+CoreDataProperties.swift */,
				B4A745291E67395600D1C895 /* HashtagMentions+CoreDataClass.swift */,
				B4A7452A1E67395600D1C895 /* HashtagMentions+CoreDataProperties.swift */,
				B4A7452B1E67395600D1C895 /* Tweet+CoreDataClass.swift */,
				B4A7452C1E67395600D1C895 /* Tweet+CoreDataProperties.swift */,
				B4A745241E6738AC00D1C895 /* Model.xcdatamodeld */,
			);
			name = "Core Data";
			sourceTree = "<group>";
		};
/* End PBXGroup section */

/* Begin PBXNativeTarget section */
		B45E8EF51E421350001116F3 /* Smashtag */ = {
			isa = PBXNativeTarget;
			buildConfigurationList = B45E8F081E421355001116F3 /* Build configuration list for PBXNativeTarget "Smashtag" */;
			buildPhases = (
				B45E8EF21E421350001116F3 /* Sources */,
				B45E8EF31E421350001116F3 /* Frameworks */,
				B45E8EF41E421350001116F3 /* Resources */,
				A9AA99A01E46374300D80257 /* Embed Frameworks */,
			);
			buildRules = (
			);
			dependencies = (
			);
			name = Smashtag;
			productName = Smashtag;
			productReference = B45E8EF61E421351001116F3 /* Smashtag.app */;
			productType = "com.apple.product-type.application";
		};
/* End PBXNativeTarget section */

/* Begin PBXProject section */
		B45E8EEE1E421350001116F3 /* Project object */ = {
			isa = PBXProject;
			attributes = {
				LastSwiftUpdateCheck = 0820;
				LastUpgradeCheck = 0820;
				ORGANIZATIONNAME = "Marc FAMILARI";
				TargetAttributes = {
					B45E8EF51E421350001116F3 = {
						CreatedOnToolsVersion = 8.2.1;
						DevelopmentTeam = AATYTAHLB3;
						ProvisioningStyle = Automatic;
					};
				};
			};
			buildConfigurationList = B45E8EF11E421350001116F3 /* Build configuration list for PBXProject "Smashtag" */;
			compatibilityVersion = "Xcode 3.2";
			developmentRegion = English;
			hasScannedForEncodings = 0;
			knownRegions = (
				en,
				Base,
			);
			mainGroup = B45E8EED1E421350001116F3;
			productRefGroup = B45E8EF71E421351001116F3 /* Products */;
			projectDirPath = "";
			projectRoot = "";
			targets = (
				B45E8EF51E421350001116F3 /* Smashtag */,
			);
		};
/* End PBXProject section */

/* Begin PBXResourcesBuildPhase section */
		B45E8EF41E421350001116F3 /* Resources */ = {
			isa = PBXResourcesBuildPhase;
			buildActionMask = 2147483647;
			files = (
				B45E8F041E421355001116F3 /* LaunchScreen.storyboard in Resources */,
				B45E8F011E421354001116F3 /* Assets.xcassets in Resources */,
				B45E8EFF1E421354001116F3 /* Main.storyboard in Resources */,
			);
			runOnlyForDeploymentPostprocessing = 0;
		};
/* End PBXResourcesBuildPhase section */

/* Begin PBXSourcesBuildPhase section */
		B45E8EF21E421350001116F3 /* Sources */ = {
			isa = PBXSourcesBuildPhase;
			buildActionMask = 2147483647;
			files = (
				B41B72D31E673FD500E6ACFD /* AppDelegate.swift in Sources */,
				B4A745411E673B4700D1C895 /* TwitterUser+CoreDataClass.swift in Sources */,
				B4A745421E673B4700D1C895 /* TwitterUser+CoreDataProperties.swift in Sources */,
				B4A745431E673B4700D1C895 /* HashtagMentions+CoreDataClass.swift in Sources */,
				B4A745441E673B4700D1C895 /* HashtagMentions+CoreDataProperties.swift in Sources */,
				B4A745451E673B4700D1C895 /* Tweet+CoreDataClass.swift in Sources */,
				B4A745461E673B4700D1C895 /* Tweet+CoreDataProperties.swift in Sources */,
				B4A745471E673B4700D1C895 /* MostRecentsTweetsTableViewController.swift in Sources */,
				B4A745481E673B4700D1C895 /* RecentsTableViewController.swift in Sources */,
				B4A745491E673B4700D1C895 /* ImageViewController.swift in Sources */,
				B4A7454A1E673B4700D1C895 /* TweetTableViewCell.swift in Sources */,
				B4A7454B1E673B4700D1C895 /* TweetDetailTableViewCell.swift in Sources */,
				B4A7454C1E673B4700D1C895 /* TweetDetailTableViewController.swift in Sources */,
				B4A7454D1E673B4700D1C895 /* TweetTableViewController.swift in Sources */,
			);
			runOnlyForDeploymentPostprocessing = 0;
		};
/* End PBXSourcesBuildPhase section */

/* Begin PBXVariantGroup section */
		B45E8EFD1E421354001116F3 /* Main.storyboard */ = {
			isa = PBXVariantGroup;
			children = (
				B45E8EFE1E421354001116F3 /* Base */,
			);
			name = Main.storyboard;
			sourceTree = "<group>";
		};
		B45E8F021E421355001116F3 /* LaunchScreen.storyboard */ = {
			isa = PBXVariantGroup;
			children = (
				B45E8F031E421355001116F3 /* Base */,
			);
			name = LaunchScreen.storyboard;
			sourceTree = "<group>";
		};
/* End PBXVariantGroup section */

/* Begin XCBuildConfiguration section */
		B45E8F061E421355001116F3 /* Debug */ = {
			isa = XCBuildConfiguration;
			buildSettings = {
				ALWAYS_SEARCH_USER_PATHS = NO;
				CLANG_ANALYZER_NONNULL = YES;
				CLANG_CXX_LANGUAGE_STANDARD = "gnu++0x";
				CLANG_CXX_LIBRARY = "libc++";
				CLANG_ENABLE_MODULES = YES;
				CLANG_ENABLE_OBJC_ARC = YES;
				CLANG_WARN_BOOL_CONVERSION = YES;
				CLANG_WARN_CONSTANT_CONVERSION = YES;
				CLANG_WARN_DIRECT_OBJC_ISA_USAGE = YES_ERROR;
				CLANG_WARN_DOCUMENTATION_COMMENTS = YES;
				CLANG_WARN_EMPTY_BODY = YES;
				CLANG_WARN_ENUM_CONVERSION = YES;
				CLANG_WARN_INFINITE_RECURSION = YES;
				CLANG_WARN_INT_CONVERSION = YES;
				CLANG_WARN_OBJC_ROOT_CLASS = YES_ERROR;
				CLANG_WARN_SUSPICIOUS_MOVE = YES;
				CLANG_WARN_UNREACHABLE_CODE = YES;
				CLANG_WARN__DUPLICATE_METHOD_MATCH = YES;
				"CODE_SIGN_IDENTITY[sdk=iphoneos*]" = "iPhone Developer";
				COPY_PHASE_STRIP = NO;
				DEBUG_INFORMATION_FORMAT = dwarf;
				ENABLE_STRICT_OBJC_MSGSEND = YES;
				ENABLE_TESTABILITY = YES;
				GCC_C_LANGUAGE_STANDARD = gnu99;
				GCC_DYNAMIC_NO_PIC = NO;
				GCC_NO_COMMON_BLOCKS = YES;
				GCC_OPTIMIZATION_LEVEL = 0;
				GCC_PREPROCESSOR_DEFINITIONS = (
					"DEBUG=1",
					"$(inherited)",
				);
				GCC_WARN_64_TO_32_BIT_CONVERSION = YES;
				GCC_WARN_ABOUT_RETURN_TYPE = YES_ERROR;
				GCC_WARN_UNDECLARED_SELECTOR = YES;
				GCC_WARN_UNINITIALIZED_AUTOS = YES_AGGRESSIVE;
				GCC_WARN_UNUSED_FUNCTION = YES;
				GCC_WARN_UNUSED_VARIABLE = YES;
				IPHONEOS_DEPLOYMENT_TARGET = 10.2;
				MTL_ENABLE_DEBUG_INFO = YES;
				ONLY_ACTIVE_ARCH = YES;
				SDKROOT = iphoneos;
				SWIFT_ACTIVE_COMPILATION_CONDITIONS = DEBUG;
				SWIFT_OPTIMIZATION_LEVEL = "-Onone";
			};
			name = Debug;
		};
		B45E8F071E421355001116F3 /* Release */ = {
			isa = XCBuildConfiguration;
			buildSettings = {
				ALWAYS_SEARCH_USER_PATHS = NO;
				CLANG_ANALYZER_NONNULL = YES;
				CLANG_CXX_LANGUAGE_STANDARD = "gnu++0x";
				CLANG_CXX_LIBRARY = "libc++";
				CLANG_ENABLE_MODULES = YES;
				CLANG_ENABLE_OBJC_ARC = YES;
				CLANG_WARN_BOOL_CONVERSION = YES;
				CLANG_WARN_CONSTANT_CONVERSION = YES;
				CLANG_WARN_DIRECT_OBJC_ISA_USAGE = YES_ERROR;
				CLANG_WARN_DOCUMENTATION_COMMENTS = YES;
				CLANG_WARN_EMPTY_BODY = YES;
				CLANG_WARN_ENUM_CONVERSION = YES;
				CLANG_WARN_INFINITE_RECURSION = YES;
				CLANG_WARN_INT_CONVERSION = YES;
				CLANG_WARN_OBJC_ROOT_CLASS = YES_ERROR;
				CLANG_WARN_SUSPICIOUS_MOVE = YES;
				CLANG_WARN_UNREACHABLE_CODE = YES;
				CLANG_WARN__DUPLICATE_METHOD_MATCH = YES;
				"CODE_SIGN_IDENTITY[sdk=iphoneos*]" = "iPhone Developer";
				COPY_PHASE_STRIP = NO;
				DEBUG_INFORMATION_FORMAT = "dwarf-with-dsym";
				ENABLE_NS_ASSERTIONS = NO;
				ENABLE_STRICT_OBJC_MSGSEND = YES;
				GCC_C_LANGUAGE_STANDARD = gnu99;
				GCC_NO_COMMON_BLOCKS = YES;
				GCC_WARN_64_TO_32_BIT_CONVERSION = YES;
				GCC_WARN_ABOUT_RETURN_TYPE = YES_ERROR;
				GCC_WARN_UNDECLARED_SELECTOR = YES;
				GCC_WARN_UNINITIALIZED_AUTOS = YES_AGGRESSIVE;
				GCC_WARN_UNUSED_FUNCTION = YES;
				GCC_WARN_UNUSED_VARIABLE = YES;
				IPHONEOS_DEPLOYMENT_TARGET = 10.2;
				MTL_ENABLE_DEBUG_INFO = NO;
				SDKROOT = iphoneos;
				SWIFT_OPTIMIZATION_LEVEL = "-Owholemodule";
				VALIDATE_PRODUCT = YES;
			};
			name = Release;
		};
		B45E8F091E421355001116F3 /* Debug */ = {
			isa = XCBuildConfiguration;
			buildSettings = {
				ASSETCATALOG_COMPILER_APPICON_NAME = AppIcon;
				DEVELOPMENT_TEAM = AATYTAHLB3;
				INFOPLIST_FILE = Smashtag/Info.plist;
				IPHONEOS_DEPLOYMENT_TARGET = 10.2;
				LD_RUNPATH_SEARCH_PATHS = "$(inherited) @executable_path/Frameworks";
				ONLY_ACTIVE_ARCH = YES;
				PRODUCT_BUNDLE_IDENTIFIER = daftMarc.Smashtag;
				PRODUCT_NAME = "$(TARGET_NAME)";
				SWIFT_VERSION = 3.0;
			};
			name = Debug;
		};
		B45E8F0A1E421355001116F3 /* Release */ = {
			isa = XCBuildConfiguration;
			buildSettings = {
				ASSETCATALOG_COMPILER_APPICON_NAME = AppIcon;
				DEVELOPMENT_TEAM = AATYTAHLB3;
				INFOPLIST_FILE = Smashtag/Info.plist;
				IPHONEOS_DEPLOYMENT_TARGET = 10.2;
				LD_RUNPATH_SEARCH_PATHS = "$(inherited) @executable_path/Frameworks";
				ONLY_ACTIVE_ARCH = YES;
				PRODUCT_BUNDLE_IDENTIFIER = daftMarc.Smashtag;
				PRODUCT_NAME = "$(TARGET_NAME)";
				SWIFT_OPTIMIZATION_LEVEL = "-Onone";
				SWIFT_VERSION = 3.0;
			};
			name = Release;
		};
/* End XCBuildConfiguration section */

/* Begin XCConfigurationList section */
		B45E8EF11E421350001116F3 /* Build configuration list for PBXProject "Smashtag" */ = {
			isa = XCConfigurationList;
			buildConfigurations = (
				B45E8F061E421355001116F3 /* Debug */,
				B45E8F071E421355001116F3 /* Release */,
			);
			defaultConfigurationIsVisible = 0;
			defaultConfigurationName = Release;
		};
		B45E8F081E421355001116F3 /* Build configuration list for PBXNativeTarget "Smashtag" */ = {
			isa = XCConfigurationList;
			buildConfigurations = (
				B45E8F091E421355001116F3 /* Debug */,
				B45E8F0A1E421355001116F3 /* Release */,
			);
			defaultConfigurationIsVisible = 0;
			defaultConfigurationName = Release;
		};
/* End XCConfigurationList section */

/* Begin XCVersionGroup section */
		B4A745241E6738AC00D1C895 /* Model.xcdatamodeld */ = {
			isa = XCVersionGroup;
			children = (
				B4A745251E6738AC00D1C895 /* Model.xcdatamodel */,
			);
			currentVersion = B4A745251E6738AC00D1C895 /* Model.xcdatamodel */;
			path = Model.xcdatamodeld;
			sourceTree = "<group>";
			versionGroupType = wrapper.xcdatamodel;
		};
/* End XCVersionGroup section */
	};
	rootObject = B45E8EEE1E421350001116F3 /* Project object */;
}
